!include common.yaml
---
- package: filelock
  name: filelock
  version: "{{versions.filelock}}"
  vendor_source: https://files.pythonhosted.org/packages/{{versions.filelock_hash}}/{{name}}-{{version}}.{{extension}}
  description: |
    filelock {{version}} for python {{python_version}}  implements a platform independent 
    file lock in Python, which provides a simple way of inter-process communication
